{
  "version": 4,
  "terraform_version": "1.15.5",
  "serial": 28,
  "lineage": "20d45145-7f6a-8719-2e0c-9cbcb24f6683",
  "outputs": {
    "defectdojo_url": {
      "value": "http://9.205.156.232:8080",
      "type": "string"
    },
    "ssh_command": {
      "value": "ssh azureuser@9.205.156.232",
      "type": "string"
    },
    "vm_public_ip": {
      "value": "9.205.156.232",
      "type": "string"
    }
  },
  "resources": [
    {
      "mode": "managed",
      "type": "azurerm_linux_virtual_machine",
      "name": "defectdojo",
      "provider": "provider[\"registry.terraform.io/hashicorp/azurerm\"]",
      "instances": [
        {
          "schema_version": 0,
          "attributes": {
            "additional_capabilities": [],
            "admin_password": null,
            "admin_ssh_key": [
              {
                "public_key": "ssh-rsa AAAAB3NzaC1yc2EAAAADAQABAAACAQCtnKYsbITfBqCuMqxEbK6vfH/IO03ZWal4gmrqhetRWDT3Qn5n6okIlcqe7KgMhOznPQBPicmh/UiqS9MMNaSXtW5ThfCt3SzIX0A98cyIpwBJoHD54i4KqWhFefDOhrui2Ds+JzTSgw+38/1GK2x+WFHM87mUNcFt28jFRWf/ghuNmHL5RUHA/pKiFuEYDSjgDGjkaPM3Vn/3hrcNf/BWs0l94h4ErHgGKimWR/to6DmFEkpcPEqfmoNiVQD+6cQXLFpUr6/+Q/P4Ou3ieBy7km/9hLPVjX9jf9YThFvsy/5zNIdJ9BjLHMfuL8Dmpj9cEd4qksJEfX7u4tmepD+WgGrVUIj/8CLx7Pi8+AEwaVzv3QQCXt0D0qp2HU/QCE/b+b7Hj/7Ph8iUkd/GOlhretbRdHmZEPSuZ/JrSW4o4cgNd7iqWAtrhmKcl8/0+veqGXlUEkZGjxi9/UD8sXrNb/VPTR2wIxoJqPJ9/MKxN/qPQZKnwbn3je8cqVkQbNnVoMiy/CCVZDHtrd0tPWP/2aFVIl1i/0srOlfnle9YPVdrUgbW27CvDV1r1s7uolWqesSBUf5Qj+PwPv4nKSBzdc6kXtiwU/m+fYkjAki2QnLyKlK926CO+CkOjEoDM3mkhhAC/5DyAYwUTHhHT44NUUhgytmiuqcHKynu0h58mw== uditc@MickeyChadhas\r\n",
                "username": "azureuser"
              }
            ],
            "admin_username": "azureuser",
            "allow_extension_operations": true,
            "availability_set_id": "",
            "boot_diagnostics": [],
            "bypass_platform_safety_checks_on_user_schedule_enabled": false,
            "capacity_reservation_group_id": "",
            "computer_name": "defectdojo-vm",
            "custom_data": "I2Nsb3VkLWNvbmZpZwojIGNsb3VkLWluaXQueWFtbAojIFRoaXMgc2NyaXB0IHJ1bnMgYXV0b21hdGljYWxseSB3aGVuIHRoZSBWTSBmaXJzdCBib290cwojIEl0IGluc3RhbGxzIERvY2tlciBhbmQgc3RhcnRzIERlZmVjdERvam8gYXV0b21hdGljYWxseQoKcGFja2FnZV91cGRhdGU6IHRydWUKcGFja2FnZV91cGdyYWRlOiB0cnVlCgpwYWNrYWdlczoKICAtIGFwdC10cmFuc3BvcnQtaHR0cHMKICAtIGNhLWNlcnRpZmljYXRlcwogIC0gY3VybAogIC0gZ251cGcKICAtIGxzYi1yZWxlYXNlCiAgLSBnaXQKCnJ1bmNtZDoKICAjIEluc3RhbGwgRG9ja2VyCiAgLSBjdXJsIC1mc1NMIGh0dHBzOi8vZG93bmxvYWQuZG9ja2VyLmNvbS9saW51eC91YnVudHUvZ3BnIHwgZ3BnIC0tZGVhcm1vciAtbyAvdXNyL3NoYXJlL2tleXJpbmdzL2RvY2tlci1hcmNoaXZlLWtleXJpbmcuZ3BnCiAgLSBlY2hvICJkZWIgW2FyY2g9YW1kNjQgc2lnbmVkLWJ5PS91c3Ivc2hhcmUva2V5cmluZ3MvZG9ja2VyLWFyY2hpdmUta2V5cmluZy5ncGddIGh0dHBzOi8vZG93bmxvYWQuZG9ja2VyLmNvbS9saW51eC91YnVudHUgJChsc2JfcmVsZWFzZSAtY3MpIHN0YWJsZSIgfCB0ZWUgL2V0Yy9hcHQvc291cmNlcy5saXN0LmQvZG9ja2VyLmxpc3QgPiAvZGV2L251bGwKICAtIGFwdC1nZXQgdXBkYXRlCiAgLSBhcHQtZ2V0IGluc3RhbGwgLXkgZG9ja2VyLWNlIGRvY2tlci1jZS1jbGkgY29udGFpbmVyZC5pbyBkb2NrZXItY29tcG9zZS1wbHVnaW4KICAtIHN5c3RlbWN0bCBlbmFibGUgZG9ja2VyCiAgLSBzeXN0ZW1jdGwgc3RhcnQgZG9ja2VyCiAgLSB1c2VybW9kIC1hRyBkb2NrZXIgYXp1cmV1c2VyCgogICMgSW5zdGFsbCBEb2NrZXIgQ29tcG9zZQogIC0gY3VybCAtTCAiaHR0cHM6Ly9naXRodWIuY29tL2RvY2tlci9jb21wb3NlL3JlbGVhc2VzL2xhdGVzdC9kb3dubG9hZC9kb2NrZXItY29tcG9zZS0kKHVuYW1lIC1zKS0kKHVuYW1lIC1tKSIgLW8gL3Vzci9sb2NhbC9iaW4vZG9ja2VyLWNvbXBvc2UKICAtIGNobW9kICt4IC91c3IvbG9jYWwvYmluL2RvY2tlci1jb21wb3NlCgogICMgQ2xvbmUgYW5kIHN0YXJ0IERlZmVjdERvam8KICAtIGdpdCBjbG9uZSBodHRwczovL2dpdGh1Yi5jb20vRGVmZWN0RG9qby9kamFuZ28tRGVmZWN0RG9qby5naXQgL29wdC9kZWZlY3Rkb2pvCiAgLSBjZCAvb3B0L2RlZmVjdGRvam8gJiYgZG9ja2VyIGNvbXBvc2UgdXAgLWQKCiAgIyBTYXZlIGFkbWluIHBhc3N3b3JkIHRvIGEgZmlsZSBmb3IgcmV0cmlldmFsCiAgLSBzbGVlcCAxMjAgJiYgY2QgL29wdC9kZWZlY3Rkb2pvICYmIGRvY2tlciBjb21wb3NlIGxvZ3MgaW5pdGlhbGl6ZXIgMj4mMSB8IGdyZXAgIkFkbWluIHBhc3N3b3JkIiA+IC9ob21lL2F6dXJldXNlci9kZWZlY3Rkb2pvLXBhc3N3b3JkLnR4dAogIC0gY2hvd24gYXp1cmV1c2VyOmF6dXJldXNlciAvaG9tZS9henVyZXVzZXIvZGVmZWN0ZG9qby1wYXNzd29yZC50eHQK",
            "dedicated_host_group_id": "",
            "dedicated_host_id": "",
            "disable_password_authentication": true,
            "disk_controller_type": "SCSI",
            "edge_zone": "",
            "encryption_at_host_enabled": false,
            "eviction_policy": "",
            "extensions_time_budget": "PT1H30M",
            "gallery_application": [],
            "id": "/subscriptions/ad8e5bfa-632f-4e46-927d-1319d834ff51/resourceGroups/devsecops-lab-rg/providers/Microsoft.Compute/virtualMachines/defectdojo-vm",
            "identity": [],
            "license_type": "",
            "location": "denmarkeast",
            "max_bid_price": -1,
            "name": "defectdojo-vm",
            "network_interface_ids": [
              "/subscriptions/ad8e5bfa-632f-4e46-927d-1319d834ff51/resourceGroups/devsecops-lab-rg/providers/Microsoft.Network/networkInterfaces/defectdojo-nic"
            ],
            "os_disk": [
              {
                "caching": "ReadWrite",
                "diff_disk_settings": [],
                "disk_encryption_set_id": "",
                "disk_size_gb": 30,
                "name": "defectdojo-vm_OsDisk_1_afa9fdecf1b44f7db9b8a584960f8f12",
                "secure_vm_disk_encryption_set_id": "",
                "security_encryption_type": "",
                "storage_account_type": "Standard_LRS",
                "write_accelerator_enabled": false
              }
            ],
            "os_image_notification": [],
            "patch_assessment_mode": "ImageDefault",
            "patch_mode": "ImageDefault",
            "plan": [],
            "platform_fault_domain": -1,
            "priority": "Regular",
            "private_ip_address": "10.0.1.4",
            "private_ip_addresses": [
              "10.0.1.4"
            ],
            "provision_vm_agent": true,
            "proximity_placement_group_id": "",
            "public_ip_address": "9.205.156.232",
            "public_ip_addresses": [
              "9.205.156.232"
            ],
            "reboot_setting": "",
            "resource_group_name": "devsecops-lab-rg",
            "secret": [],
            "secure_boot_enabled": false,
            "size": "Standard_B2ats_v2",
            "source_image_id": "",
            "source_image_reference": [
              {
                "offer": "0001-com-ubuntu-server-jammy",
                "publisher": "Canonical",
                "sku": "22_04-lts-gen2",
                "version": "latest"
              }
            ],
            "tags": {
              "environment": "learning",
              "project": "devsecops-lab",
              "tool": "defectdojo"
            },
            "termination_notification": null,
            "timeouts": null,
            "user_data": "",
            "virtual_machine_id": "b31ef522-33a9-4773-9bd8-8dae6213c460",
            "virtual_machine_scale_set_id": "",
            "vm_agent_platform_updates_enabled": false,
            "vtpm_enabled": false,
            "zone": ""
          },
          "sensitive_attributes": [
            [
              {
                "type": "get_attr",
                "value": "admin_password"
              }
            ],
            [
              {
                "type": "get_attr",
                "value": "custom_data"
              }
            ]
          ],
          "identity_schema_version": 0,
          "private": "eyJlMmJmYjczMC1lY2FhLTExZTYtOGY4OC0zNDM2M2JjN2M0YzAiOnsiY3JlYXRlIjoyNzAwMDAwMDAwMDAwLCJkZWxldGUiOjI3MDAwMDAwMDAwMDAsInJlYWQiOjMwMDAwMDAwMDAwMCwidXBkYXRlIjoyNzAwMDAwMDAwMDAwfX0=",
          "dependencies": [
            "azurerm_network_interface.devsecops",
            "azurerm_public_ip.devsecops",
            "azurerm_resource_group.devsecops",
            "azurerm_subnet.devsecops",
            "azurerm_virtual_network.devsecops"
          ]
        }
      ]
    },
    {
      "mode": "managed",
      "type": "azurerm_network_interface",
      "name": "devsecops",
      "provider": "provider[\"registry.terraform.io/hashicorp/azurerm\"]",
      "instances": [
        {
          "schema_version": 0,
          "attributes": {
            "accelerated_networking_enabled": false,
            "applied_dns_servers": [],
            "auxiliary_mode": "",
            "auxiliary_sku": "",
            "dns_servers": [],
            "edge_zone": "",
            "enable_accelerated_networking": false,
            "enable_ip_forwarding": false,
            "id": "/subscriptions/ad8e5bfa-632f-4e46-927d-1319d834ff51/resourceGroups/devsecops-lab-rg/providers/Microsoft.Network/networkInterfaces/defectdojo-nic",
            "internal_dns_name_label": "",
            "internal_domain_name_suffix": "q15tzd15uctelmoji2xv4k2ytg.cphx.internal.cloudapp.net",
            "ip_configuration": [
              {
                "gateway_load_balancer_frontend_ip_configuration_id": "",
                "name": "internal",
                "primary": true,
                "private_ip_address": "10.0.1.4",
                "private_ip_address_allocation": "Dynamic",
                "private_ip_address_version": "IPv4",
                "public_ip_address_id": "/subscriptions/ad8e5bfa-632f-4e46-927d-1319d834ff51/resourceGroups/devsecops-lab-rg/providers/Microsoft.Network/publicIPAddresses/defectdojo-public-ip",
                "subnet_id": "/subscriptions/ad8e5bfa-632f-4e46-927d-1319d834ff51/resourceGroups/devsecops-lab-rg/providers/Microsoft.Network/virtualNetworks/devsecops-vnet/subnets/devsecops-subnet"
              }
            ],
            "ip_forwarding_enabled": false,
            "location": "denmarkeast",
            "mac_address": "",
            "name": "defectdojo-nic",
            "private_ip_address": "10.0.1.4",
            "private_ip_addresses": [
              "10.0.1.4"
            ],
            "resource_group_name": "devsecops-lab-rg",
            "tags": null,
            "timeouts": null,
            "virtual_machine_id": ""
          },
          "sensitive_attributes": [],
          "identity_schema_version": 0,
          "private": "eyJlMmJmYjczMC1lY2FhLTExZTYtOGY4OC0zNDM2M2JjN2M0YzAiOnsiY3JlYXRlIjoxODAwMDAwMDAwMDAwLCJkZWxldGUiOjE4MDAwMDAwMDAwMDAsInJlYWQiOjMwMDAwMDAwMDAwMCwidXBkYXRlIjoxODAwMDAwMDAwMDAwfX0=",
          "dependencies": [
            "azurerm_public_ip.devsecops",
            "azurerm_resource_group.devsecops",
            "azurerm_subnet.devsecops",
            "azurerm_virtual_network.devsecops"
          ]
        }
      ]
    },
    {
      "mode": "managed",
      "type": "azurerm_network_interface_security_group_association",
      "name": "devsecops",
      "provider": "provider[\"registry.terraform.io/hashicorp/azurerm\"]",
      "instances": [
        {
          "schema_version": 0,
          "attributes": {
            "id": "/subscriptions/ad8e5bfa-632f-4e46-927d-1319d834ff51/resourceGroups/devsecops-lab-rg/providers/Microsoft.Network/networkInterfaces/defectdojo-nic|/subscriptions/ad8e5bfa-632f-4e46-927d-1319d834ff51/resourceGroups/devsecops-lab-rg/providers/Microsoft.Network/networkSecurityGroups/defectdojo-nsg",
            "network_interface_id": "/subscriptions/ad8e5bfa-632f-4e46-927d-1319d834ff51/resourceGroups/devsecops-lab-rg/providers/Microsoft.Network/networkInterfaces/defectdojo-nic",
            "network_security_group_id": "/subscriptions/ad8e5bfa-632f-4e46-927d-1319d834ff51/resourceGroups/devsecops-lab-rg/providers/Microsoft.Network/networkSecurityGroups/defectdojo-nsg",
            "timeouts": null
          },
          "sensitive_attributes": [],
          "identity_schema_version": 0,
          "private": "eyJlMmJmYjczMC1lY2FhLTExZTYtOGY4OC0zNDM2M2JjN2M0YzAiOnsiY3JlYXRlIjoxODAwMDAwMDAwMDAwLCJkZWxldGUiOjE4MDAwMDAwMDAwMDAsInJlYWQiOjMwMDAwMDAwMDAwMH19",
          "dependencies": [
            "azurerm_network_interface.devsecops",
            "azurerm_network_security_group.devsecops",
            "azurerm_public_ip.devsecops",
            "azurerm_resource_group.devsecops",
            "azurerm_subnet.devsecops",
            "azurerm_virtual_network.devsecops"
          ]
        }
      ]
    },
    {
      "mode": "managed",
      "type": "azurerm_network_security_group",
      "name": "devsecops",
      "provider": "provider[\"registry.terraform.io/hashicorp/azurerm\"]",
      "instances": [
        {
          "schema_version": 0,
          "attributes": {
            "id": "/subscriptions/ad8e5bfa-632f-4e46-927d-1319d834ff51/resourceGroups/devsecops-lab-rg/providers/Microsoft.Network/networkSecurityGroups/defectdojo-nsg",
            "location": "denmarkeast",
            "name": "defectdojo-nsg",
            "resource_group_name": "devsecops-lab-rg",
            "security_rule": [
              {
                "access": "Allow",
                "description": "",
                "destination_address_prefix": "*",
                "destination_address_prefixes": [],
                "destination_application_security_group_ids": [],
                "destination_port_range": "22",
                "destination_port_ranges": [],
                "direction": "Inbound",
                "name": "SSH",
                "priority": 1001,
                "protocol": "Tcp",
                "source_address_prefix": "*",
                "source_address_prefixes": [],
                "source_application_security_group_ids": [],
                "source_port_range": "*",
                "source_port_ranges": []
              },
              {
                "access": "Allow",
                "description": "",
                "destination_address_prefix": "*",
                "destination_address_prefixes": [],
                "destination_application_security_group_ids": [],
                "destination_port_range": "8080",
                "destination_port_ranges": [],
                "direction": "Inbound",
                "name": "DefectDojo",
                "priority": 1002,
                "protocol": "Tcp",
                "source_address_prefix": "*",
                "source_address_prefixes": [],
                "source_application_security_group_ids": [],
                "source_port_range": "*",
                "source_port_ranges": []
              }
            ],
            "tags": {},
            "timeouts": null
          },
          "sensitive_attributes": [],
          "identity_schema_version": 0,
          "private": "eyJlMmJmYjczMC1lY2FhLTExZTYtOGY4OC0zNDM2M2JjN2M0YzAiOnsiY3JlYXRlIjoxODAwMDAwMDAwMDAwLCJkZWxldGUiOjE4MDAwMDAwMDAwMDAsInJlYWQiOjMwMDAwMDAwMDAwMCwidXBkYXRlIjoxODAwMDAwMDAwMDAwfX0=",
          "dependencies": [
            "azurerm_resource_group.devsecops"
          ]
        }
      ]
    },
    {
      "mode": "managed",
      "type": "azurerm_public_ip",
      "name": "devsecops",
      "provider": "provider[\"registry.terraform.io/hashicorp/azurerm\"]",
      "instances": [
        {
          "schema_version": 0,
          "attributes": {
            "allocation_method": "Static",
            "ddos_protection_mode": "VirtualNetworkInherited",
            "ddos_protection_plan_id": null,
            "domain_name_label": null,
            "edge_zone": "",
            "fqdn": null,
            "id": "/subscriptions/ad8e5bfa-632f-4e46-927d-1319d834ff51/resourceGroups/devsecops-lab-rg/providers/Microsoft.Network/publicIPAddresses/defectdojo-public-ip",
            "idle_timeout_in_minutes": 4,
            "ip_address": "9.205.156.232",
            "ip_tags": {},
            "ip_version": "IPv4",
            "location": "denmarkeast",
            "name": "defectdojo-public-ip",
            "public_ip_prefix_id": null,
            "resource_group_name": "devsecops-lab-rg",
            "reverse_fqdn": null,
            "sku": "Standard",
            "sku_tier": "Regional",
            "tags": {
              "environment": "learning"
            },
            "timeouts": null,
            "zones": []
          },
          "sensitive_attributes": [],
          "identity_schema_version": 0,
          "private": "eyJlMmJmYjczMC1lY2FhLTExZTYtOGY4OC0zNDM2M2JjN2M0YzAiOnsiY3JlYXRlIjoxODAwMDAwMDAwMDAwLCJkZWxldGUiOjE4MDAwMDAwMDAwMDAsInJlYWQiOjMwMDAwMDAwMDAwMCwidXBkYXRlIjoxODAwMDAwMDAwMDAwfX0=",
          "dependencies": [
            "azurerm_resource_group.devsecops"
          ]
        }
      ]
    },
    {
      "mode": "managed",
      "type": "azurerm_resource_group",
      "name": "devsecops",
      "provider": "provider[\"registry.terraform.io/hashicorp/azurerm\"]",
      "instances": [
        {
          "schema_version": 0,
          "attributes": {
            "id": "/subscriptions/ad8e5bfa-632f-4e46-927d-1319d834ff51/resourceGroups/devsecops-lab-rg",
            "location": "denmarkeast",
            "managed_by": "",
            "name": "devsecops-lab-rg",
            "tags": {
              "environment": "learning",
              "project": "devsecops-lab"
            },
            "timeouts": null
          },
          "sensitive_attributes": [],
          "identity_schema_version": 0,
          "private": "eyJlMmJmYjczMC1lY2FhLTExZTYtOGY4OC0zNDM2M2JjN2M0YzAiOnsiY3JlYXRlIjo1NDAwMDAwMDAwMDAwLCJkZWxldGUiOjU0MDAwMDAwMDAwMDAsInJlYWQiOjMwMDAwMDAwMDAwMCwidXBkYXRlIjo1NDAwMDAwMDAwMDAwfX0="
        }
      ]
    },
    {
      "mode": "managed",
      "type": "azurerm_subnet",
      "name": "devsecops",
      "provider": "provider[\"registry.terraform.io/hashicorp/azurerm\"]",
      "instances": [
        {
          "schema_version": 0,
          "attributes": {
            "address_prefixes": [
              "10.0.1.0/24"
            ],
            "default_outbound_access_enabled": true,
            "delegation": [],
            "enforce_private_link_endpoint_network_policies": false,
            "enforce_private_link_service_network_policies": false,
            "id": "/subscriptions/ad8e5bfa-632f-4e46-927d-1319d834ff51/resourceGroups/devsecops-lab-rg/providers/Microsoft.Network/virtualNetworks/devsecops-vnet/subnets/devsecops-subnet",
            "name": "devsecops-subnet",
            "private_endpoint_network_policies": "Enabled",
            "private_endpoint_network_policies_enabled": true,
            "private_link_service_network_policies_enabled": true,
            "resource_group_name": "devsecops-lab-rg",
            "service_endpoint_policy_ids": null,
            "service_endpoints": null,
            "timeouts": null,
            "virtual_network_name": "devsecops-vnet"
          },
          "sensitive_attributes": [],
          "identity_schema_version": 0,
          "private": "eyJlMmJmYjczMC1lY2FhLTExZTYtOGY4OC0zNDM2M2JjN2M0YzAiOnsiY3JlYXRlIjoxODAwMDAwMDAwMDAwLCJkZWxldGUiOjE4MDAwMDAwMDAwMDAsInJlYWQiOjMwMDAwMDAwMDAwMCwidXBkYXRlIjoxODAwMDAwMDAwMDAwfX0=",
          "dependencies": [
            "azurerm_resource_group.devsecops",
            "azurerm_virtual_network.devsecops"
          ]
        }
      ]
    },
    {
      "mode": "managed",
      "type": "azurerm_virtual_network",
      "name": "devsecops",
      "provider": "provider[\"registry.terraform.io/hashicorp/azurerm\"]",
      "instances": [
        {
          "schema_version": 0,
          "attributes": {
            "address_space": [
              "10.0.0.0/16"
            ],
            "bgp_community": "",
            "ddos_protection_plan": [],
            "dns_servers": [],
            "edge_zone": "",
            "encryption": [],
            "flow_timeout_in_minutes": 0,
            "guid": "8f3cff86-a07f-45a6-b1c9-472f5f2b989e",
            "id": "/subscriptions/ad8e5bfa-632f-4e46-927d-1319d834ff51/resourceGroups/devsecops-lab-rg/providers/Microsoft.Network/virtualNetworks/devsecops-vnet",
            "location": "denmarkeast",
            "name": "devsecops-vnet",
            "resource_group_name": "devsecops-lab-rg",
            "subnet": [],
            "tags": {},
            "timeouts": null
          },
          "sensitive_attributes": [],
          "identity_schema_version": 0,
          "private": "eyJlMmJmYjczMC1lY2FhLTExZTYtOGY4OC0zNDM2M2JjN2M0YzAiOnsiY3JlYXRlIjoxODAwMDAwMDAwMDAwLCJkZWxldGUiOjE4MDAwMDAwMDAwMDAsInJlYWQiOjMwMDAwMDAwMDAwMCwidXBkYXRlIjoxODAwMDAwMDAwMDAwfSwic2NoZW1hX3ZlcnNpb24iOiIwIn0=",
          "dependencies": [
            "azurerm_resource_group.devsecops"
          ]
        }
      ]
    }
  ],
  "check_results": null
}
